// !$*UTF8*$!
{
	archiveVersion = 1;
	classes = {
	};
	objectVersion = 56;
	objects = {

/* Begin PBXBuildFile section */
		E00000010000000000000001 /* HevyGraphWidgetApp.swift in Sources */ = {isa = PBXBuildFile; fileRef = E00000020000000000000001 /* HevyGraphWidgetApp.swift */; };
		E00000010000000000000002 /* ContentView.swift in Sources */ = {isa = PBXBuildFile; fileRef = E00000020000000000000002 /* ContentView.swift */; };
		E00000010000000000000003 /* Assets.xcassets in Resources */ = {isa = PBXBuildFile; fileRef = E00000020000000000000003 /* Assets.xcassets */; };
		E00000010000000000000004 /* Workout.swift in Sources */ = {isa = PBXBuildFile; fileRef = E00000020000000000000004 /* Workout.swift */; };
		E00000010000000000000005 /* ColorTheme.swift in Sources */ = {isa = PBXBuildFile; fileRef = E00000020000000000000005 /* ColorTheme.swift */; };
		E00000010000000000000006 /* HevyClient.swift in Sources */ = {isa = PBXBuildFile; fileRef = E00000020000000000000006 /* HevyClient.swift */; };
		E00000010000000000000007 /* WorkoutAggregator.swift in Sources */ = {isa = PBXBuildFile; fileRef = E00000020000000000000007 /* WorkoutAggregator.swift */; };
		E00000010000000000000008 /* DataStore.swift in Sources */ = {isa = PBXBuildFile; fileRef = E00000020000000000000008 /* DataStore.swift */; };
		E00000010000000000000009 /* ContributionGraphView.swift in Sources */ = {isa = PBXBuildFile; fileRef = E00000020000000000000009 /* ContributionGraphView.swift */; };
		E00000010000000000000010 /* WidgetKit.framework in Frameworks */ = {isa = PBXBuildFile; fileRef = E00000020000000000000010 /* WidgetKit.framework */; };
		E00000010000000000000011 /* SwiftUI.framework in Frameworks */ = {isa = PBXBuildFile; fileRef = E00000020000000000000011 /* SwiftUI.framework */; };
		E00000010000000000000012 /* HevyGraphWidget.swift in Sources */ = {isa = PBXBuildFile; fileRef = E00000020000000000000012 /* HevyGraphWidget.swift */; };
		E00000010000000000000013 /* HevyGraphWidgetBundle.swift in Sources */ = {isa = PBXBuildFile; fileRef = E00000020000000000000013 /* HevyGraphWidgetBundle.swift */; };
		E00000010000000000000014 /* WidgetAssets.xcassets in Resources */ = {isa = PBXBuildFile; fileRef = E00000020000000000000014 /* WidgetAssets.xcassets */; };
		E00000010000000000000015 /* HevyGraphWidgetExtension.appex in Embed Foundation Extensions */ = {isa = PBXBuildFile; fileRef = E00000030000000000000002 /* HevyGraphWidgetExtension.appex */; settings = {ATTRIBUTES = (RemoveHeadersOnCopy, ); }; };
		E00000010000000000000016 /* Workout.swift in Sources */ = {isa = PBXBuildFile; fileRef = E00000020000000000000004 /* Workout.swift */; };
		E00000010000000000000017 /* ColorTheme.swift in Sources */ = {isa = PBXBuildFile; fileRef = E00000020000000000000005 /* ColorTheme.swift */; };
		E00000010000000000000018 /* WorkoutAggregator.swift in Sources */ = {isa = PBXBuildFile; fileRef = E00000020000000000000007 /* WorkoutAggregator.swift */; };
		E00000010000000000000019 /* DataStore.swift in Sources */ = {isa = PBXBuildFile; fileRef = E00000020000000000000008 /* DataStore.swift */; };
		E00000010000000000000020 /* ContributionGraphView.swift in Sources */ = {isa = PBXBuildFile; fileRef = E00000020000000000000009 /* ContributionGraphView.swift */; };
/* End PBXBuildFile section */

/* Begin PBXContainerItemProxy section */
		E00000040000000000000001 /* PBXContainerItemProxy */ = {
			isa = PBXContainerItemProxy;
			containerPortal = E00000050000000000000001 /* Project object */;
			proxyType = 1;
			remoteGlobalIDString = E00000030000000000000002;
			remoteInfo = HevyGraphWidgetExtension;
		};
/* End PBXContainerItemProxy section */

/* Begin PBXCopyFilesBuildPhase section */
		E00000060000000000000001 /* Embed Foundation Extensions */ = {
			isa = PBXCopyFilesBuildPhase;
			buildActionMask = 2147483647;
			dstPath = "";
			dstSubfolderSpec = 13;
			files = (
				E00000010000000000000015 /* HevyGraphWidgetExtension.appex in Embed Foundation Extensions */,
			);
			name = "Embed Foundation Extensions";
			runOnlyForDeploymentPostprocessing = 0;
		};
/* End PBXCopyFilesBuildPhase section */

/* Begin PBXFileReference section */
		E00000020000000000000001 /* HevyGraphWidgetApp.swift */ = {isa = PBXFileReference; lastKnownFileType = sourcecode.swift; path = HevyGraphWidgetApp.swift; sourceTree = "<group>"; };
		E00000020000000000000002 /* ContentView.swift */ = {isa = PBXFileReference; lastKnownFileType = sourcecode.swift; path = ContentView.swift; sourceTree = "<group>"; };
		E00000020000000000000003 /* Assets.xcassets */ = {isa = PBXFileReference; lastKnownFileType = folder.assetcatalog; path = Assets.xcassets; sourceTree = "<group>"; };
		E00000020000000000000004 /* Workout.swift */ = {isa = PBXFileReference; lastKnownFileType = sourcecode.swift; path = Workout.swift; sourceTree = "<group>"; };
		E00000020000000000000005 /* ColorTheme.swift */ = {isa = PBXFileReference; lastKnownFileType = sourcecode.swift; path = ColorTheme.swift; sourceTree = "<group>"; };
		E00000020000000000000006 /* HevyClient.swift */ = {isa = PBXFileReference; lastKnownFileType = sourcecode.swift; path = HevyClient.swift; sourceTree = "<group>"; };
		E00000020000000000000007 /* WorkoutAggregator.swift */ = {isa = PBXFileReference; lastKnownFileType = sourcecode.swift; path = WorkoutAggregator.swift; sourceTree = "<group>"; };
		E00000020000000000000008 /* DataStore.swift */ = {isa = PBXFileReference; lastKnownFileType = sourcecode.swift; path = DataStore.swift; sourceTree = "<group>"; };
		E00000020000000000000009 /* ContributionGraphView.swift */ = {isa = PBXFileReference; lastKnownFileType = sourcecode.swift; path = ContributionGraphView.swift; sourceTree = "<group>"; };
		E00000020000000000000010 /* WidgetKit.framework */ = {isa = PBXFileReference; lastKnownFileType = wrapper.framework; name = WidgetKit.framework; path = System/Library/Frameworks/WidgetKit.framework; sourceTree = SDKROOT; };
		E00000020000000000000011 /* SwiftUI.framework */ = {isa = PBXFileReference; lastKnownFileType = wrapper.framework; name = SwiftUI.framework; path = System/Library/Frameworks/SwiftUI.framework; sourceTree = SDKROOT; };
		E00000020000000000000012 /* HevyGraphWidget.swift */ = {isa = PBXFileReference; lastKnownFileType = sourcecode.swift; path = HevyGraphWidget.swift; sourceTree = "<group>"; };
		E00000020000000000000013 /* HevyGraphWidgetBundle.swift */ = {isa = PBXFileReference; lastKnownFileType = sourcecode.swift; path = HevyGraphWidgetBundle.swift; sourceTree = "<group>"; };
		E00000020000000000000014 /* WidgetAssets.xcassets */ = {isa = PBXFileReference; lastKnownFileType = folder.assetcatalog; path = WidgetAssets.xcassets; sourceTree = "<group>"; };
		E00000020000000000000015 /* Info.plist */ = {isa = PBXFileReference; lastKnownFileType = text.plist.xml; path = Info.plist; sourceTree = "<group>"; };
		E00000020000000000000016 /* Info.plist */ = {isa = PBXFileReference; lastKnownFileType = text.plist.xml; path = Info.plist; sourceTree = "<group>"; };
		E00000030000000000000001 /* HevyGraphWidget.app */ = {isa = PBXFileReference; explicitFileType = wrapper.application; includeInIndex = 0; path = HevyGraphWidget.app; sourceTree = BUILT_PRODUCTS_DIR; };
		E00000030000000000000002 /* HevyGraphWidgetExtension.appex */ = {isa = PBXFileReference; explicitFileType = "wrapper.app-extension"; includeInIndex = 0; path = HevyGraphWidgetExtension.appex; sourceTree = BUILT_PRODUCTS_DIR; };
		E00000020000000000000017 /* HevyGraphWidget.entitlements */ = {isa = PBXFileReference; lastKnownFileType = text.plist.entitlements; path = HevyGraphWidget.entitlements; sourceTree = "<group>"; };
		E00000020000000000000018 /* HevyGraphWidgetExtension.entitlements */ = {isa = PBXFileReference; lastKnownFileType = text.plist.entitlements; path = HevyGraphWidgetExtension.entitlements; sourceTree = "<group>"; };
/* End PBXFileReference section */

/* Begin PBXFrameworksBuildPhase section */
		E00000070000000000000001 /* Frameworks */ = {
			isa = PBXFrameworksBuildPhase;
			buildActionMask = 2147483647;
			files = (
			);
			runOnlyForDeploymentPostprocessing = 0;
		};
		E00000070000000000000002 /* Frameworks */ = {
			isa = PBXFrameworksBuildPhase;
			buildActionMask = 2147483647;
			files = (
				E00000010000000000000011 /* SwiftUI.framework in Frameworks */,
				E00000010000000000000010 /* WidgetKit.framework in Frameworks */,
			);
			runOnlyForDeploymentPostprocessing = 0;
		};
/* End PBXFrameworksBuildPhase section */

/* Begin PBXGroup section */
		E00000080000000000000001 = {
			isa = PBXGroup;
			children = (
				E00000080000000000000002 /* HevyGraphWidget */,
				E00000080000000000000003 /* HevyGraphWidgetExtension */,
				E00000080000000000000004 /* Frameworks */,
				E00000080000000000000005 /* Products */,
			);
			sourceTree = "<group>";
		};
		E00000080000000000000002 /* HevyGraphWidget */ = {
			isa = PBXGroup;
			children = (
				E00000020000000000000017 /* HevyGraphWidget.entitlements */,
				E00000020000000000000001 /* HevyGraphWidgetApp.swift */,
				E00000020000000000000002 /* ContentView.swift */,
				E00000080000000000000006 /* Models */,
				E00000080000000000000007 /* Data */,
				E00000080000000000000008 /* Views */,
				E00000020000000000000003 /* Assets.xcassets */,
				E00000020000000000000015 /* Info.plist */,
			);
			path = HevyGraphWidget;
			sourceTree = "<group>";
		};
		E00000080000000000000003 /* HevyGraphWidgetExtension */ = {
			isa = PBXGroup;
			children = (
				E00000020000000000000018 /* HevyGraphWidgetExtension.entitlements */,
				E00000020000000000000012 /* HevyGraphWidget.swift */,
				E00000020000000000000013 /* HevyGraphWidgetBundle.swift */,
				E00000020000000000000014 /* WidgetAssets.xcassets */,
				E00000020000000000000016 /* Info.plist */,
			);
			path = HevyGraphWidgetExtension;
			sourceTree = "<group>";
		};
		E00000080000000000000004 /* Frameworks */ = {
			isa = PBXGroup;
			children = (
				E00000020000000000000010 /* WidgetKit.framework */,
				E00000020000000000000011 /* SwiftUI.framework */,
			);
			name = Frameworks;
			sourceTree = "<group>";
		};
		E00000080000000000000005 /* Products */ = {
			isa = PBXGroup;
			children = (
				E00000030000000000000001 /* HevyGraphWidget.app */,
				E00000030000000000000002 /* HevyGraphWidgetExtension.appex */,
			);
			name = Products;
			sourceTree = "<group>";
		};
		E00000080000000000000006 /* Models */ = {
			isa = PBXGroup;
			children = (
				E00000020000000000000004 /* Workout.swift */,
				E00000020000000000000005 /* ColorTheme.swift */,
			);
			path = Models;
			sourceTree = "<group>";
		};
		E00000080000000000000007 /* Data */ = {
			isa = PBXGroup;
			children = (
				E00000020000000000000006 /* HevyClient.swift */,
				E00000020000000000000007 /* WorkoutAggregator.swift */,
				E00000020000000000000008 /* DataStore.swift */,
			);
			path = Data;
			sourceTree = "<group>";
		};
		E00000080000000000000008 /* Views */ = {
			isa = PBXGroup;
			children = (
				E00000020000000000000009 /* ContributionGraphView.swift */,
			);
			path = Views;
			sourceTree = "<group>";
		};
/* End PBXGroup section */

/* Begin PBXNativeTarget section */
		E00000090000000000000001 /* HevyGraphWidget */ = {
			isa = PBXNativeTarget;
			buildConfigurationList = E000000A0000000000000001 /* Build configuration list for PBXNativeTarget "HevyGraphWidget" */;
			buildPhases = (
				E000000B0000000000000001 /* Sources */,
				E00000070000000000000001 /* Frameworks */,
				E000000C0000000000000001 /* Resources */,
				E00000060000000000000001 /* Embed Foundation Extensions */,
			);
			buildRules = (
			);
			dependencies = (
				E000000D0000000000000001 /* PBXTargetDependency */,
			);
			name = HevyGraphWidget;
			productName = HevyGraphWidget;
			productReference = E00000030000000000000001 /* HevyGraphWidget.app */;
			productType = "com.apple.product-type.application";
		};
		E00000090000000000000002 /* HevyGraphWidgetExtension */ = {
			isa = PBXNativeTarget;
			buildConfigurationList = E000000A0000000000000002 /* Build configuration list for PBXNativeTarget "HevyGraphWidgetExtension" */;
			buildPhases = (
				E000000B0000000000000002 /* Sources */,
				E00000070000000000000002 /* Frameworks */,
				E000000C0000000000000002 /* Resources */,
			);
			buildRules = (
			);
			dependencies = (
			);
			name = HevyGraphWidgetExtension;
			productName = HevyGraphWidgetExtension;
			productReference = E00000030000000000000002 /* HevyGraphWidgetExtension.appex */;
			productType = "com.apple.product-type.app-extension";
		};
/* End PBXNativeTarget section */

/* Begin PBXProject section */
		E00000050000000000000001 /* Project object */ = {
			isa = PBXProject;
			attributes = {
				BuildIndependentTargetsInParallel = 1;
				LastSwiftUpdateCheck = 1500;
				LastUpgradeCheck = 1500;
				TargetAttributes = {
					E00000090000000000000001 = {
						CreatedOnToolsVersion = 15.0;
					};
					E00000090000000000000002 = {
						CreatedOnToolsVersion = 15.0;
					};
				};
			};
			buildConfigurationList = E000000A0000000000000003 /* Build configuration list for PBXProject "HevyGraphWidget" */;
			compatibilityVersion = "Xcode 14.0";
			developmentRegion = en;
			hasScannedForEncodings = 0;
			knownRegions = (
				en,
				Base,
			);
			mainGroup = E00000080000000000000001;
			productRefGroup = E00000080000000000000005 /* Products */;
			projectDirPath = "";
			projectRoot = "";
			targets = (
				E00000090000000000000001 /* HevyGraphWidget */,
				E00000090000000000000002 /* HevyGraphWidgetExtension */,
			);
		};
/* End PBXProject section */

/* Begin PBXResourcesBuildPhase section */
		E000000C0000000000000001 /* Resources */ = {
			isa = PBXResourcesBuildPhase;
			buildActionMask = 2147483647;
			files = (
				E00000010000000000000003 /* Assets.xcassets in Resources */,
			);
			runOnlyForDeploymentPostprocessing = 0;
		};
		E000000C0000000000000002 /* Resources */ = {
			isa = PBXResourcesBuildPhase;
			buildActionMask = 2147483647;
			files = (
				E00000010000000000000014 /* WidgetAssets.xcassets in Resources */,
			);
			runOnlyForDeploymentPostprocessing = 0;
		};
/* End PBXResourcesBuildPhase section */

/* Begin PBXSourcesBuildPhase section */
		E000000B0000000000000001 /* Sources */ = {
			isa = PBXSourcesBuildPhase;
			buildActionMask = 2147483647;
			files = (
				E00000010000000000000001 /* HevyGraphWidgetApp.swift in Sources */,
				E00000010000000000000002 /* ContentView.swift in Sources */,
				E00000010000000000000004 /* Workout.swift in Sources */,
				E00000010000000000000005 /* ColorTheme.swift in Sources */,
				E00000010000000000000006 /* HevyClient.swift in Sources */,
				E00000010000000000000007 /* WorkoutAggregator.swift in Sources */,
				E00000010000000000000008 /* DataStore.swift in Sources */,
				E00000010000000000000009 /* ContributionGraphView.swift in Sources */,
			);
			runOnlyForDeploymentPostprocessing = 0;
		};
		E000000B0000000000000002 /* Sources */ = {
			isa = PBXSourcesBuildPhase;
			buildActionMask = 2147483647;
			files = (
				E00000010000000000000012 /* HevyGraphWidget.swift in Sources */,
				E00000010000000000000013 /* HevyGraphWidgetBundle.swift in Sources */,
				E00000010000000000000016 /* Workout.swift in Sources */,
				E00000010000000000000017 /* ColorTheme.swift in Sources */,
				E00000010000000000000018 /* WorkoutAggregator.swift in Sources */,
				E00000010000000000000019 /* DataStore.swift in Sources */,
				E00000010000000000000020 /* ContributionGraphView.swift in Sources */,
			);
			runOnlyForDeploymentPostprocessing = 0;
		};
/* End PBXSourcesBuildPhase section */

/* Begin PBXTargetDependency section */
		E000000D0000000000000001 /* PBXTargetDependency */ = {
			isa = PBXTargetDependency;
			target = E00000090000000000000002 /* HevyGraphWidgetExtension */;
			targetProxy = E00000040000000000000001 /* PBXContainerItemProxy */;
		};
/* End PBXTargetDependency section */

/* Begin XCBuildConfiguration section */
		E000000E0000000000000001 /* Debug */ = {
			isa = XCBuildConfiguration;
			buildSettings = {
				ALWAYS_SEARCH_USER_PATHS = NO;
				ASSETCATALOG_COMPILER_GENERATE_SWIFT_ASSET_SYMBOL_EXTENSIONS = YES;
				CLANG_ANALYZER_NONNULL = YES;
				CLANG_ANALYZER_NUMBER_OBJECT_CONVERSION = YES_AGGRESSIVE;
				CLANG_CXX_LANGUAGE_STANDARD = "gnu++20";
				CLANG_ENABLE_MODULES = YES;
				CLANG_ENABLE_OBJC_ARC = YES;
				CLANG_ENABLE_OBJC_WEAK = YES;
				CLANG_WARN_BLOCK_CAPTURE_AUTORELEASING = YES;
				CLANG_WARN_BOOL_CONVERSION = YES;
				CLANG_WARN_COMMA = YES;
				CLANG_WARN_CONSTANT_CONVERSION = YES;
				CLANG_WARN_DEPRECATED_OBJC_IMPLEMENTATIONS = YES;
				CLANG_WARN_DIRECT_OBJC_ISA_USAGE = YES_ERROR;
				CLANG_WARN_DOCUMENTATION_COMMENTS = YES;
				CLANG_WARN_EMPTY_BODY = YES;
				CLANG_WARN_ENUM_CONVERSION = YES;
				CLANG_WARN_INFINITE_RECURSION = YES;
				CLANG_WARN_INT_CONVERSION = YES;
				CLANG_WARN_NON_LITERAL_NULL_CONVERSION = YES;
				CLANG_WARN_OBJC_IMPLICIT_RETAIN_SELF = YES;
				CLANG_WARN_OBJC_LITERAL_CONVERSION = YES;
				CLANG_WARN_OBJC_ROOT_CLASS = YES_ERROR;
				CLANG_WARN_QUOTED_INCLUDE_IN_FRAMEWORK_HEADER = YES;
				CLANG_WARN_RANGE_LOOP_ANALYSIS = YES;
				CLANG_WARN_STRICT_PROTOTYPES = YES;
				CLANG_WARN_SUSPICIOUS_MOVE = YES;
				CLANG_WARN_UNGUARDED_AVAILABILITY = YES_AGGRESSIVE;
				CLANG_WARN_UNREACHABLE_CODE = YES;
				CLANG_WARN__DUPLICATE_METHOD_MATCH = YES;
				COPY_PHASE_STRIP = NO;
				DEBUG_INFORMATION_FORMAT = dwarf;
				ENABLE_STRICT_OBJC_MSGSEND = YES;
				ENABLE_TESTABILITY = YES;
				ENABLE_USER_SCRIPT_SANDBOXING = YES;
				GCC_C_LANGUAGE_STANDARD = gnu17;
				GCC_DYNAMIC_NO_PIC = NO;
				GCC_NO_COMMON_BLOCKS = YES;
				GCC_OPTIMIZATION_LEVEL = 0;
				GCC_PREPROCESSOR_DEFINITIONS = (
					"DEBUG=1",
					"$(inherited)",
				);
				GCC_WARN_64_TO_32_BIT_CONVERSION = YES;
				GCC_WARN_ABOUT_RETURN_TYPE = YES_ERROR;
				GCC_WARN_UNDECLARED_SELECTOR = YES;
				GCC_WARN_UNINITIALIZED_AUTOS = YES_AGGRESSIVE;
				GCC_WARN_UNUSED_FUNCTION = YES;
				GCC_WARN_UNUSED_VARIABLE = YES;
				IPHONEOS_DEPLOYMENT_TARGET = 17.0;
				LOCALIZATION_PREFERS_STRING_CATALOGS = YES;
				MTL_ENABLE_DEBUG_INFO = INCLUDE_SOURCE;
				MTL_FAST_MATH = YES;
				ONLY_ACTIVE_ARCH = YES;
				SDKROOT = iphoneos;
				SWIFT_ACTIVE_COMPILATION_CONDITIONS = "DEBUG $(inherited)";
				SWIFT_OPTIMIZATION_LEVEL = "-Onone";
			};
			name = Debug;
		};
		E000000E0000000000000002 /* Release */ = {
			isa = XCBuildConfiguration;
			buildSettings = {
				ALWAYS_SEARCH_USER_PATHS = NO;
				ASSETCATALOG_COMPILER_GENERATE_SWIFT_ASSET_SYMBOL_EXTENSIONS = YES;
				CLANG_ANALYZER_NONNULL = YES;
				CLANG_ANALYZER_NUMBER_OBJECT_CONVERSION = YES_AGGRESSIVE;
				CLANG_CXX_LANGUAGE_STANDARD = "gnu++20";
				CLANG_ENABLE_MODULES = YES;
				CLANG_ENABLE_OBJC_ARC = YES;
				CLANG_ENABLE_OBJC_WEAK = YES;
				CLANG_WARN_BLOCK_CAPTURE_AUTORELEASING = YES;
				CLANG_WARN_BOOL_CONVERSION = YES;
				CLANG_WARN_COMMA = YES;
				CLANG_WARN_CONSTANT_CONVERSION = YES;
				CLANG_WARN_DEPRECATED_OBJC_IMPLEMENTATIONS = YES;
				CLANG_WARN_DIRECT_OBJC_ISA_USAGE = YES_ERROR;
				CLANG_WARN_DOCUMENTATION_COMMENTS = YES;
				CLANG_WARN_EMPTY_BODY = YES;
				CLANG_WARN_ENUM_CONVERSION = YES;
				CLANG_WARN_INFINITE_RECURSION = YES;
				CLANG_WARN_INT_CONVERSION = YES;
				CLANG_WARN_NON_LITERAL_NULL_CONVERSION = YES;
				CLANG_WARN_OBJC_IMPLICIT_RETAIN_SELF = YES;
				CLANG_WARN_OBJC_LITERAL_CONVERSION = YES;
				CLANG_WARN_OBJC_ROOT_CLASS = YES_ERROR;
				CLANG_WARN_QUOTED_INCLUDE_IN_FRAMEWORK_HEADER = YES;
				CLANG_WARN_RANGE_LOOP_ANALYSIS = YES;
				CLANG_WARN_STRICT_PROTOTYPES = YES;
				CLANG_WARN_SUSPICIOUS_MOVE = YES;
				CLANG_WARN_UNGUARDED_AVAILABILITY = YES_AGGRESSIVE;
				CLANG_WARN_UNREACHABLE_CODE = YES;
				CLANG_WARN__DUPLICATE_METHOD_MATCH = YES;
				COPY_PHASE_STRIP = NO;
				DEBUG_INFORMATION_FORMAT = "dwarf-with-dsym";
				ENABLE_NS_ASSERTIONS = NO;
				ENABLE_STRICT_OBJC_MSGSEND = YES;
				ENABLE_USER_SCRIPT_SANDBOXING = YES;
				GCC_C_LANGUAGE_STANDARD = gnu17;
				GCC_NO_COMMON_BLOCKS = YES;
				GCC_WARN_64_TO_32_BIT_CONVERSION = YES;
				GCC_WARN_ABOUT_RETURN_TYPE = YES_ERROR;
				GCC_WARN_UNDECLARED_SELECTOR = YES;
				GCC_WARN_UNINITIALIZED_AUTOS = YES_AGGRESSIVE;
				GCC_WARN_UNUSED_FUNCTION = YES;
				GCC_WARN_UNUSED_VARIABLE = YES;
				IPHONEOS_DEPLOYMENT_TARGET = 17.0;
				LOCALIZATION_PREFERS_STRING_CATALOGS = YES;
				MTL_ENABLE_DEBUG_INFO = NO;
				MTL_FAST_MATH = YES;
				SDKROOT = iphoneos;
				SWIFT_COMPILATION_MODE = wholemodule;
				VALIDATE_PRODUCT = YES;
			};
			name = Release;
		};
		E000000E0000000000000003 /* Debug */ = {
			isa = XCBuildConfiguration;
			buildSettings = {
				ASSETCATALOG_COMPILER_APPICON_NAME = AppIcon;
				ASSETCATALOG_COMPILER_GLOBAL_ACCENT_COLOR_NAME = AccentColor;
				CODE_SIGN_ENTITLEMENTS = HevyGraphWidget/HevyGraphWidget.entitlements;
				CODE_SIGN_STYLE = Automatic;
				CURRENT_PROJECT_VERSION = 1;
				DEVELOPMENT_ASSET_PATHS = "";
				ENABLE_PREVIEWS = YES;
				GENERATE_INFOPLIST_FILE = NO;
				INFOPLIST_FILE = HevyGraphWidget/Info.plist;
				INFOPLIST_KEY_UIApplicationSceneManifest_Generation = YES;
				INFOPLIST_KEY_UIApplicationSupportsIndirectInputEvents = YES;
				INFOPLIST_KEY_UILaunchScreen_Generation = YES;
				INFOPLIST_KEY_UISupportedInterfaceOrientations_iPad = "UIInterfaceOrientationPortrait UIInterfaceOrientationPortraitUpsideDown UIInterfaceOrientationLandscapeLeft UIInterfaceOrientationLandscapeRight";
				INFOPLIST_KEY_UISupportedInterfaceOrientations_iPhone = "UIInterfaceOrientationPortrait UIInterfaceOrientationLandscapeLeft UIInterfaceOrientationLandscapeRight";
				LD_RUNPATH_SEARCH_PATHS = (
					"$(inherited)",
					"@executable_path/Frameworks",
				);
				MARKETING_VERSION = 1.0;
				PRODUCT_BUNDLE_IDENTIFIER = com.hevy.graphwidget;
				PRODUCT_NAME = "$(TARGET_NAME)";
				SWIFT_EMIT_LOC_STRINGS = YES;
				SWIFT_VERSION = 5.0;
				TARGETED_DEVICE_FAMILY = "1,2";
			};
			name = Debug;
		};
		E000000E0000000000000004 /* Release */ = {
			isa = XCBuildConfiguration;
			buildSettings = {
				ASSETCATALOG_COMPILER_APPICON_NAME = AppIcon;
				ASSETCATALOG_COMPILER_GLOBAL_ACCENT_COLOR_NAME = AccentColor;
				CODE_SIGN_ENTITLEMENTS = HevyGraphWidget/HevyGraphWidget.entitlements;
				CODE_SIGN_STYLE = Automatic;
				CURRENT_PROJECT_VERSION = 1;
				DEVELOPMENT_ASSET_PATHS = "";
				ENABLE_PREVIEWS = YES;
				GENERATE_INFOPLIST_FILE = NO;
				INFOPLIST_FILE = HevyGraphWidget/Info.plist;
				INFOPLIST_KEY_UIApplicationSceneManifest_Generation = YES;
				INFOPLIST_KEY_UIApplicationSupportsIndirectInputEvents = YES;
				INFOPLIST_KEY_UILaunchScreen_Generation = YES;
				INFOPLIST_KEY_UISupportedInterfaceOrientations_iPad = "UIInterfaceOrientationPortrait UIInterfaceOrientationPortraitUpsideDown UIInterfaceOrientationLandscapeLeft UIInterfaceOrientationLandscapeRight";
				INFOPLIST_KEY_UISupportedInterfaceOrientations_iPhone = "UIInterfaceOrientationPortrait UIInterfaceOrientationLandscapeLeft UIInterfaceOrientationLandscapeRight";
				LD_RUNPATH_SEARCH_PATHS = (
					"$(inherited)",
					"@executable_path/Frameworks",
				);
				MARKETING_VERSION = 1.0;
				PRODUCT_BUNDLE_IDENTIFIER = com.hevy.graphwidget;
				PRODUCT_NAME = "$(TARGET_NAME)";
				SWIFT_EMIT_LOC_STRINGS = YES;
				SWIFT_VERSION = 5.0;
				TARGETED_DEVICE_FAMILY = "1,2";
			};
			name = Release;
		};
		E000000E0000000000000005 /* Debug */ = {
			isa = XCBuildConfiguration;
			buildSettings = {
				ASSETCATALOG_COMPILER_GLOBAL_ACCENT_COLOR_NAME = AccentColor;
				ASSETCATALOG_COMPILER_WIDGET_BACKGROUND_COLOR_NAME = WidgetBackground;
				CODE_SIGN_ENTITLEMENTS = HevyGraphWidgetExtension/HevyGraphWidgetExtension.entitlements;
				CODE_SIGN_STYLE = Automatic;
				CURRENT_PROJECT_VERSION = 1;
				GENERATE_INFOPLIST_FILE = NO;
				INFOPLIST_FILE = HevyGraphWidgetExtension/Info.plist;
				INFOPLIST_KEY_CFBundleDisplayName = "Hevy Graph Widget";
				INFOPLIST_KEY_NSHumanReadableCopyright = "";
				LD_RUNPATH_SEARCH_PATHS = (
					"$(inherited)",
					"@executable_path/Frameworks",
					"@executable_path/../../Frameworks",
				);
				MARKETING_VERSION = 1.0;
				PRODUCT_BUNDLE_IDENTIFIER = com.hevy.graphwidget.widget;
				PRODUCT_NAME = "$(TARGET_NAME)";
				SKIP_INSTALL = YES;
				SWIFT_EMIT_LOC_STRINGS = YES;
				SWIFT_VERSION = 5.0;
				TARGETED_DEVICE_FAMILY = "1,2";
			};
			name = Debug;
		};
		E000000E0000000000000006 /* Release */ = {
			isa = XCBuildConfiguration;
			buildSettings = {
				ASSETCATALOG_COMPILER_GLOBAL_ACCENT_COLOR_NAME = AccentColor;
				ASSETCATALOG_COMPILER_WIDGET_BACKGROUND_COLOR_NAME = WidgetBackground;
				CODE_SIGN_ENTITLEMENTS = HevyGraphWidgetExtension/HevyGraphWidgetExtension.entitlements;
				CODE_SIGN_STYLE = Automatic;
				CURRENT_PROJECT_VERSION = 1;
				GENERATE_INFOPLIST_FILE = NO;
				INFOPLIST_FILE = HevyGraphWidgetExtension/Info.plist;
				INFOPLIST_KEY_CFBundleDisplayName = "Hevy Graph Widget";
				INFOPLIST_KEY_NSHumanReadableCopyright = "";
				LD_RUNPATH_SEARCH_PATHS = (
					"$(inherited)",
					"@executable_path/Frameworks",
					"@executable_path/../../Frameworks",
				);
				MARKETING_VERSION = 1.0;
				PRODUCT_BUNDLE_IDENTIFIER = com.hevy.graphwidget.widget;
				PRODUCT_NAME = "$(TARGET_NAME)";
				SKIP_INSTALL = YES;
				SWIFT_EMIT_LOC_STRINGS = YES;
				SWIFT_VERSION = 5.0;
				TARGETED_DEVICE_FAMILY = "1,2";
			};
			name = Release;
		};
/* End XCBuildConfiguration section */

/* Begin XCConfigurationList section */
		E000000A0000000000000001 /* Build configuration list for PBXNativeTarget "HevyGraphWidget" */ = {
			isa = XCConfigurationList;
			buildConfigurations = (
				E000000E0000000000000003 /* Debug */,
				E000000E0000000000000004 /* Release */,
			);
			defaultConfigurationIsVisible = 0;
			defaultConfigurationName = Release;
		};
		E000000A0000000000000002 /* Build configuration list for PBXNativeTarget "HevyGraphWidgetExtension" */ = {
			isa = XCConfigurationList;
			buildConfigurations = (
				E000000E0000000000000005 /* Debug */,
				E000000E0000000000000006 /* Release */,
			);
			defaultConfigurationIsVisible = 0;
			defaultConfigurationName = Release;
		};
		E000000A0000000000000003 /* Build configuration list for PBXProject "HevyGraphWidget" */ = {
			isa = XCConfigurationList;
			buildConfigurations = (
				E000000E0000000000000001 /* Debug */,
				E000000E0000000000000002 /* Release */,
			);
			defaultConfigurationIsVisible = 0;
			defaultConfigurationName = Release;
		};
/* End XCConfigurationList section */
	};
	rootObject = E00000050000000000000001 /* Project object */;
}
